
Microsoft Visual Studio Solution File, Format Version 12.00
# Visual Studio Version 17
VisualStudioVersion = 17.14.36511.14 d17.14
MinimumVisualStudioVersion = 10.0.40219.1
Project("{FAE04EC0-301F-11D3-BF4B-00C04F79EFBC}") = "PokemonReviewApp", "PokemonReviewApp\PokemonReviewApp.csproj", "{CBAA295C-2BBC-4934-9C2E-4293A9494F2A}"
EndProject
Global
	GlobalSection(SolutionConfigurationPlatforms) = preSolution
		Debug|Any CPU = Debug|Any CPU
		Release|Any CPU = Release|Any CPU
	EndGlobalSection
	GlobalSection(ProjectConfigurationPlatforms) = postSolution
		{CBAA295C-2BBC-4934-9C2E-4293A9494F2A}.Debug|Any CPU.ActiveCfg = Debug|Any CPU
		{CBAA295C-2BBC-4934-9C2E-4293A9494F2A}.Debug|Any CPU.Build.0 = Debug|Any CPU
		{CBAA295C-2BBC-4934-9C2E-4293A9494F2A}.Release|Any CPU.ActiveCfg = Release|Any CPU
		{CBAA295C-2BBC-4934-9C2E-4293A9494F2A}.Release|Any CPU.Build.0 = Release|Any CPU
	EndGlobalSection
	GlobalSection(SolutionProperties) = preSolution
		HideSolutionNode = FALSE
	EndGlobalSection
	GlobalSection(ExtensibilityGlobals) = postSolution
		SolutionGuid = {8A41A62B-7C62-4EC8-92B5-42448DC5C177}
	EndGlobalSection
EndGlobal
